// !$*UTF8*$!
{
	archiveVersion = 1;
	classes = {
	};
	objectVersion = 46;
	objects = {

/* Begin PBXBuildFile section */
		3A008CAB1CC2B34B0023343D /* Affirmation.swift in Sources */ = {isa = PBXBuildFile; fileRef = 3A008CAA1CC2B34B0023343D /* Affirmation.swift */; };
		3A8B340A1C027CBA00B0CF67 /* AppDelegate.swift in Sources */ = {isa = PBXBuildFile; fileRef = 3A8B34091C027CBA00B0CF67 /* AppDelegate.swift */; };
		3A8B340C1C027CBA00B0CF67 /* ViewController.swift in Sources */ = {isa = PBXBuildFile; fileRef = 3A8B340B1C027CBA00B0CF67 /* ViewController.swift */; };
		3A8B340F1C027CBA00B0CF67 /* Main.storyboard in Resources */ = {isa = PBXBuildFile; fileRef = 3A8B340D1C027CBA00B0CF67 /* Main.storyboard */; };
		3A8B34111C027CBA00B0CF67 /* Assets.xcassets in Resources */ = {isa = PBXBuildFile; fileRef = 3A8B34101C027CBA00B0CF67 /* Assets.xcassets */; };
		3A8B34141C027CBA00B0CF67 /* LaunchScreen.storyboard in Resources */ = {isa = PBXBuildFile; fileRef = 3A8B34121C027CBA00B0CF67 /* LaunchScreen.storyboard */; };
		3A8B341F1C027CBA00B0CF67 /* AffirmationTests.swift in Sources */ = {isa = PBXBuildFile; fileRef = 3A8B341E1C027CBA00B0CF67 /* AffirmationTests.swift */; };
		3A8B342A1C027CBA00B0CF67 /* AffirmationUITests.swift in Sources */ = {isa = PBXBuildFile; fileRef = 3A8B34291C027CBA00B0CF67 /* AffirmationUITests.swift */; };
		3AC897DB1CEA471700214E97 /* csv.swift in Sources */ = {isa = PBXBuildFile; fileRef = 3AC897DA1CEA471700214E97 /* csv.swift */; };
		3AC897DF1CEA79F400214E97 /* shedding-weight.csv in Resources */ = {isa = PBXBuildFile; fileRef = 3AC897DE1CEA79F400214E97 /* shedding-weight.csv */; };
		3AF2115B1CAEC94B00B76763 /* DetailsViewController.swift in Sources */ = {isa = PBXBuildFile; fileRef = 3AF2115A1CAEC94B00B76763 /* DetailsViewController.swift */; };
		3AF2115D1CAECB4000B76763 /* AffirmationCell.swift in Sources */ = {isa = PBXBuildFile; fileRef = 3AF2115C1CAECB4000B76763 /* AffirmationCell.swift */; };
/* End PBXBuildFile section */

/* Begin PBXContainerItemProxy section */
		3A8B341B1C027CBA00B0CF67 /* PBXContainerItemProxy */ = {
			isa = PBXContainerItemProxy;
			containerPortal = 3A8B33FE1C027CBA00B0CF67 /* Project object */;
			proxyType = 1;
			remoteGlobalIDString = 3A8B34051C027CBA00B0CF67;
			remoteInfo = Affirmation;
		};
		3A8B34261C027CBA00B0CF67 /* PBXContainerItemProxy */ = {
			isa = PBXContainerItemProxy;
			containerPortal = 3A8B33FE1C027CBA00B0CF67 /* Project object */;
			proxyType = 1;
			remoteGlobalIDString = 3A8B34051C027CBA00B0CF67;
			remoteInfo = Affirmation;
		};
/* End PBXContainerItemProxy section */

/* Begin PBXFileReference section */
		3A008CAA1CC2B34B0023343D /* Affirmation.swift */ = {isa = PBXFileReference; fileEncoding = 4; lastKnownFileType = sourcecode.swift; path = Affirmation.swift; sourceTree = "<group>"; };
		3A4E57BC1C80E13500027716 /* Affirmation.entitlements */ = {isa = PBXFileReference; lastKnownFileType = text.xml; path = Affirmation.entitlements; sourceTree = "<group>"; };
		3A8B34061C027CBA00B0CF67 /* Affirmation.app */ = {isa = PBXFileReference; explicitFileType = wrapper.application; includeInIndex = 0; path = Affirmation.app; sourceTree = BUILT_PRODUCTS_DIR; };
		3A8B34091C027CBA00B0CF67 /* AppDelegate.swift */ = {isa = PBXFileReference; lastKnownFileType = sourcecode.swift; path = AppDelegate.swift; sourceTree = "<group>"; };
		3A8B340B1C027CBA00B0CF67 /* ViewController.swift */ = {isa = PBXFileReference; lastKnownFileType = sourcecode.swift; path = ViewController.swift; sourceTree = "<group>"; };
		3A8B340E1C027CBA00B0CF67 /* Base */ = {isa = PBXFileReference; lastKnownFileType = file.storyboard; name = Base; path = Base.lproj/Main.storyboard; sourceTree = "<group>"; };
		3A8B34101C027CBA00B0CF67 /* Assets.xcassets */ = {isa = PBXFileReference; lastKnownFileType = folder.assetcatalog; path = Assets.xcassets; sourceTree = "<group>"; };
		3A8B34131C027CBA00B0CF67 /* Base */ = {isa = PBXFileReference; lastKnownFileType = file.storyboard; name = Base; path = Base.lproj/LaunchScreen.storyboard; sourceTree = "<group>"; };
		3A8B34151C027CBA00B0CF67 /* Info.plist */ = {isa = PBXFileReference; lastKnownFileType = text.plist.xml; path = Info.plist; sourceTree = "<group>"; };
		3A8B341A1C027CBA00B0CF67 /* AffirmationTests.xctest */ = {isa = PBXFileReference; explicitFileType = wrapper.cfbundle; includeInIndex = 0; path = AffirmationTests.xctest; sourceTree = BUILT_PRODUCTS_DIR; };
		3A8B341E1C027CBA00B0CF67 /* AffirmationTests.swift */ = {isa = PBXFileReference; lastKnownFileType = sourcecode.swift; path = AffirmationTests.swift; sourceTree = "<group>"; };
		3A8B34201C027CBA00B0CF67 /* Info.plist */ = {isa = PBXFileReference; lastKnownFileType = text.plist.xml; path = Info.plist; sourceTree = "<group>"; };
		3A8B34251C027CBA00B0CF67 /* AffirmationUITests.xctest */ = {isa = PBXFileReference; explicitFileType = wrapper.cfbundle; includeInIndex = 0; path = AffirmationUITests.xctest; sourceTree = BUILT_PRODUCTS_DIR; };
		3A8B34291C027CBA00B0CF67 /* AffirmationUITests.swift */ = {isa = PBXFileReference; lastKnownFileType = sourcecode.swift; path = AffirmationUITests.swift; sourceTree = "<group>"; };
		3A8B342B1C027CBA00B0CF67 /* Info.plist */ = {isa = PBXFileReference; lastKnownFileType = text.plist.xml; path = Info.plist; sourceTree = "<group>"; };
		3AC897DA1CEA471700214E97 /* csv.swift */ = {isa = PBXFileReference; fileEncoding = 4; lastKnownFileType = sourcecode.swift; path = csv.swift; sourceTree = "<group>"; };
		3AC897DE1CEA79F400214E97 /* shedding-weight.csv */ = {isa = PBXFileReference; fileEncoding = 4; lastKnownFileType = text; path = "shedding-weight.csv"; sourceTree = "<group>"; };
		3AF2115A1CAEC94B00B76763 /* DetailsViewController.swift */ = {isa = PBXFileReference; fileEncoding = 4; lastKnownFileType = sourcecode.swift; path = DetailsViewController.swift; sourceTree = "<group>"; };
		3AF2115C1CAECB4000B76763 /* AffirmationCell.swift */ = {isa = PBXFileReference; fileEncoding = 4; lastKnownFileType = sourcecode.swift; path = AffirmationCell.swift; sourceTree = "<group>"; };
/* End PBXFileReference section */

/* Begin PBXFrameworksBuildPhase section */
		3A8B34031C027CBA00B0CF67 /* Frameworks */ = {
			isa = PBXFrameworksBuildPhase;
			buildActionMask = 2147483647;
			files = (
			);
			runOnlyForDeploymentPostprocessing = 0;
		};
		3A8B34171C027CBA00B0CF67 /* Frameworks */ = {
			isa = PBXFrameworksBuildPhase;
			buildActionMask = 2147483647;
			files = (
			);
			runOnlyForDeploymentPostprocessing = 0;
		};
		3A8B34221C027CBA00B0CF67 /* Frameworks */ = {
			isa = PBXFrameworksBuildPhase;
			buildActionMask = 2147483647;
			files = (
			);
			runOnlyForDeploymentPostprocessing = 0;
		};
/* End PBXFrameworksBuildPhase section */

/* Begin PBXGroup section */
		3A008CA91CC2B3380023343D /* Services */ = {
			isa = PBXGroup;
			children = (
			);
			name = Services;
			sourceTree = "<group>";
		};
		3A88ED061CC1635500914CBC /* Controller */ = {
			isa = PBXGroup;
			children = (
				3A8B340B1C027CBA00B0CF67 /* ViewController.swift */,
				3AF2115A1CAEC94B00B76763 /* DetailsViewController.swift */,
				3AF2115C1CAECB4000B76763 /* AffirmationCell.swift */,
			);
			name = Controller;
			sourceTree = "<group>";
		};
		3A88ED071CC1636000914CBC /* Model */ = {
			isa = PBXGroup;
			children = (
				3A008CAA1CC2B34B0023343D /* Affirmation.swift */,
			);
			name = Model;
			sourceTree = "<group>";
		};
		3A8B33FD1C027CBA00B0CF67 = {
			isa = PBXGroup;
			children = (
				3A8B34081C027CBA00B0CF67 /* Affirmation */,
				3A8B341D1C027CBA00B0CF67 /* AffirmationTests */,
				3A8B34281C027CBA00B0CF67 /* AffirmationUITests */,
				3A8B34071C027CBA00B0CF67 /* Products */,
			);
			sourceTree = "<group>";
		};
		3A8B34071C027CBA00B0CF67 /* Products */ = {
			isa = PBXGroup;
			children = (
				3A8B34061C027CBA00B0CF67 /* Affirmation.app */,
				3A8B341A1C027CBA00B0CF67 /* AffirmationTests.xctest */,
				3A8B34251C027CBA00B0CF67 /* AffirmationUITests.xctest */,
			);
			name = Products;
			sourceTree = "<group>";
		};
		3A8B34081C027CBA00B0CF67 /* Affirmation */ = {
			isa = PBXGroup;
			children = (
				3AC897DC1CEA472100214E97 /* View */,
				3A88ED071CC1636000914CBC /* Model */,
				3A88ED061CC1635500914CBC /* Controller */,
				3AC897DD1CEA472B00214E97 /* Resources */,
				3A008CA91CC2B3380023343D /* Services */,
				3A4E57BC1C80E13500027716 /* Affirmation.entitlements */,
				3A8B34091C027CBA00B0CF67 /* AppDelegate.swift */,
				3A8B34101C027CBA00B0CF67 /* Assets.xcassets */,
				3A8B34151C027CBA00B0CF67 /* Info.plist */,
				3AC897DE1CEA79F400214E97 /* shedding-weight.csv */,
			);
			path = Affirmation;
			sourceTree = "<group>";
		};
		3A8B341D1C027CBA00B0CF67 /* AffirmationTests */ = {
			isa = PBXGroup;
			children = (
				3A8B341E1C027CBA00B0CF67 /* AffirmationTests.swift */,
				3A8B34201C027CBA00B0CF67 /* Info.plist */,
			);
			path = AffirmationTests;
			sourceTree = "<group>";
		};
		3A8B34281C027CBA00B0CF67 /* AffirmationUITests */ = {
			isa = PBXGroup;
			children = (
				3A8B34291C027CBA00B0CF67 /* AffirmationUITests.swift */,
				3A8B342B1C027CBA00B0CF67 /* Info.plist */,
			);
			path = AffirmationUITests;
			sourceTree = "<group>";
		};
		3AC897DC1CEA472100214E97 /* View */ = {
			isa = PBXGroup;
			children = (
				3A8B340D1C027CBA00B0CF67 /* Main.storyboard */,
				3A8B34121C027CBA00B0CF67 /* LaunchScreen.storyboard */,
			);
			name = View;
			sourceTree = "<group>";
		};
		3AC897DD1CEA472B00214E97 /* Resources */ = {
			isa = PBXGroup;
			children = (
				3AC897DA1CEA471700214E97 /* csv.swift */,
			);
			name = Resources;
			sourceTree = "<group>";
		};
/* End PBXGroup section */

/* Begin PBXNativeTarget section */
		3A8B34051C027CBA00B0CF67 /* Affirmation */ = {
			isa = PBXNativeTarget;
			buildConfigurationList = 3A8B342E1C027CBA00B0CF67 /* Build configuration list for PBXNativeTarget "Affirmation" */;
			buildPhases = (
				3A8B34021C027CBA00B0CF67 /* Sources */,
				3A8B34031C027CBA00B0CF67 /* Frameworks */,
				3A8B34041C027CBA00B0CF67 /* Resources */,
			);
			buildRules = (
			);
			dependencies = (
			);
			name = Affirmation;
			productName = Affirmation;
			productReference = 3A8B34061C027CBA00B0CF67 /* Affirmation.app */;
			productType = "com.apple.product-type.application";
		};
		3A8B34191C027CBA00B0CF67 /* AffirmationTests */ = {
			isa = PBXNativeTarget;
			buildConfigurationList = 3A8B34311C027CBA00B0CF67 /* Build configuration list for PBXNativeTarget "AffirmationTests" */;
			buildPhases = (
				3A8B34161C027CBA00B0CF67 /* Sources */,
				3A8B34171C027CBA00B0CF67 /* Frameworks */,
				3A8B34181C027CBA00B0CF67 /* Resources */,
			);
			buildRules = (
			);
			dependencies = (
				3A8B341C1C027CBA00B0CF67 /* PBXTargetDependency */,
			);
			name = AffirmationTests;
			productName = AffirmationTests;
			productReference = 3A8B341A1C027CBA00B0CF67 /* AffirmationTests.xctest */;
			productType = "com.apple.product-type.bundle.unit-test";
		};
		3A8B34241C027CBA00B0CF67 /* AffirmationUITests */ = {
			isa = PBXNativeTarget;
			buildConfigurationList = 3A8B34341C027CBA00B0CF67 /* Build configuration list for PBXNativeTarget "AffirmationUITests" */;
			buildPhases = (
				3A8B34211C027CBA00B0CF67 /* Sources */,
				3A8B34221C027CBA00B0CF67 /* Frameworks */,
				3A8B34231C027CBA00B0CF67 /* Resources */,
			);
			buildRules = (
			);
			dependencies = (
				3A8B34271C027CBA00B0CF67 /* PBXTargetDependency */,
			);
			name = AffirmationUITests;
			productName = AffirmationUITests;
			productReference = 3A8B34251C027CBA00B0CF67 /* AffirmationUITests.xctest */;
			productType = "com.apple.product-type.bundle.ui-testing";
		};
/* End PBXNativeTarget section */

/* Begin PBXProject section */
		3A8B33FE1C027CBA00B0CF67 /* Project object */ = {
			isa = PBXProject;
			attributes = {
				LastSwiftUpdateCheck = 0710;
				LastUpgradeCheck = 0710;
				ORGANIZATIONNAME = "Drew Westcott";
				TargetAttributes = {
					3A8B34051C027CBA00B0CF67 = {
						CreatedOnToolsVersion = 7.1.1;
						DevelopmentTeam = 5AZ7M68G8R;
						SystemCapabilities = {
							com.apple.ApplicationGroups.iOS = {
								enabled = 1;
							};
						};
					};
					3A8B34191C027CBA00B0CF67 = {
						CreatedOnToolsVersion = 7.1.1;
						DevelopmentTeam = 5AZ7M68G8R;
						TestTargetID = 3A8B34051C027CBA00B0CF67;
					};
					3A8B34241C027CBA00B0CF67 = {
						CreatedOnToolsVersion = 7.1.1;
						DevelopmentTeam = 5AZ7M68G8R;
						TestTargetID = 3A8B34051C027CBA00B0CF67;
					};
				};
			};
			buildConfigurationList = 3A8B34011C027CBA00B0CF67 /* Build configuration list for PBXProject "Affirmation" */;
			compatibilityVersion = "Xcode 3.2";
			developmentRegion = English;
			hasScannedForEncodings = 0;
			knownRegions = (
				en,
				Base,
			);
			mainGroup = 3A8B33FD1C027CBA00B0CF67;
			productRefGroup = 3A8B34071C027CBA00B0CF67 /* Products */;
			projectDirPath = "";
			projectRoot = "";
			targets = (
				3A8B34051C027CBA00B0CF67 /* Affirmation */,
				3A8B34191C027CBA00B0CF67 /* AffirmationTests */,
				3A8B34241C027CBA00B0CF67 /* AffirmationUITests */,
			);
		};
/* End PBXProject section */

/* Begin PBXResourcesBuildPhase section */
		3A8B34041C027CBA00B0CF67 /* Resources */ = {
			isa = PBXResourcesBuildPhase;
			buildActionMask = 2147483647;
			files = (
				3AC897DF1CEA79F400214E97 /* shedding-weight.csv in Resources */,
				3A8B34141C027CBA00B0CF67 /* LaunchScreen.storyboard in Resources */,
				3A8B34111C027CBA00B0CF67 /* Assets.xcassets in Resources */,
				3A8B340F1C027CBA00B0CF67 /* Main.storyboard in Resources */,
			);
			runOnlyForDeploymentPostprocessing = 0;
		};
		3A8B34181C027CBA00B0CF67 /* Resources */ = {
			isa = PBXResourcesBuildPhase;
			buildActionMask = 2147483647;
			files = (
			);
			runOnlyForDeploymentPostprocessing = 0;
		};
		3A8B34231C027CBA00B0CF67 /* Resources */ = {
			isa = PBXResourcesBuildPhase;
			buildActionMask = 2147483647;
			files = (
			);
			runOnlyForDeploymentPostprocessing = 0;
		};
/* End PBXResourcesBuildPhase section */

/* Begin PBXSourcesBuildPhase section */
		3A8B34021C027CBA00B0CF67 /* Sources */ = {
			isa = PBXSourcesBuildPhase;
			buildActionMask = 2147483647;
			files = (
				3AC897DB1CEA471700214E97 /* csv.swift in Sources */,
				3A008CAB1CC2B34B0023343D /* Affirmation.swift in Sources */,
				3AF2115D1CAECB4000B76763 /* AffirmationCell.swift in Sources */,
				3A8B340C1C027CBA00B0CF67 /* ViewController.swift in Sources */,
				3A8B340A1C027CBA00B0CF67 /* AppDelegate.swift in Sources */,
				3AF2115B1CAEC94B00B76763 /* DetailsViewController.swift in Sources */,
			);
			runOnlyForDeploymentPostprocessing = 0;
		};
		3A8B34161C027CBA00B0CF67 /* Sources */ = {
			isa = PBXSourcesBuildPhase;
			buildActionMask = 2147483647;
			files = (
				3A8B341F1C027CBA00B0CF67 /* AffirmationTests.swift in Sources */,
			);
			runOnlyForDeploymentPostprocessing = 0;
		};
		3A8B34211C027CBA00B0CF67 /* Sources */ = {
			isa = PBXSourcesBuildPhase;
			buildActionMask = 2147483647;
			files = (
				3A8B342A1C027CBA00B0CF67 /* AffirmationUITests.swift in Sources */,
			);
			runOnlyForDeploymentPostprocessing = 0;
		};
/* End PBXSourcesBuildPhase section */

/* Begin PBXTargetDependency section */
		3A8B341C1C027CBA00B0CF67 /* PBXTargetDependency */ = {
			isa = PBXTargetDependency;
			target = 3A8B34051C027CBA00B0CF67 /* Affirmation */;
			targetProxy = 3A8B341B1C027CBA00B0CF67 /* PBXContainerItemProxy */;
		};
		3A8B34271C027CBA00B0CF67 /* PBXTargetDependency */ = {
			isa = PBXTargetDependency;
			target = 3A8B34051C027CBA00B0CF67 /* Affirmation */;
			targetProxy = 3A8B34261C027CBA00B0CF67 /* PBXContainerItemProxy */;
		};
/* End PBXTargetDependency section */

/* Begin PBXVariantGroup section */
		3A8B340D1C027CBA00B0CF67 /* Main.storyboard */ = {
			isa = PBXVariantGroup;
			children = (
				3A8B340E1C027CBA00B0CF67 /* Base */,
			);
			name = Main.storyboard;
			sourceTree = "<group>";
		};
		3A8B34121C027CBA00B0CF67 /* LaunchScreen.storyboard */ = {
			isa = PBXVariantGroup;
			children = (
				3A8B34131C027CBA00B0CF67 /* Base */,
			);
			name = LaunchScreen.storyboard;
			sourceTree = "<group>";
		};
/* End PBXVariantGroup section */

/* Begin XCBuildConfiguration section */
		3A8B342C1C027CBA00B0CF67 /* Debug */ = {
			isa = XCBuildConfiguration;
			buildSettings = {
				ALWAYS_SEARCH_USER_PATHS = NO;
				CLANG_CXX_LANGUAGE_STANDARD = "gnu++0x";
				CLANG_CXX_LIBRARY = "libc++";
				CLANG_ENABLE_MODULES = YES;
				CLANG_ENABLE_OBJC_ARC = YES;
				CLANG_WARN_BOOL_CONVERSION = YES;
				CLANG_WARN_CONSTANT_CONVERSION = YES;
				CLANG_WARN_DIRECT_OBJC_ISA_USAGE = YES_ERROR;
				CLANG_WARN_EMPTY_BODY = YES;
				CLANG_WARN_ENUM_CONVERSION = YES;
				CLANG_WARN_INT_CONVERSION = YES;
				CLANG_WARN_OBJC_ROOT_CLASS = YES_ERROR;
				CLANG_WARN_UNREACHABLE_CODE = YES;
				CLANG_WARN__DUPLICATE_METHOD_MATCH = YES;
				"CODE_SIGN_IDENTITY[sdk=iphoneos*]" = "iPhone Developer";
				COPY_PHASE_STRIP = NO;
				DEBUG_INFORMATION_FORMAT = dwarf;
				ENABLE_STRICT_OBJC_MSGSEND = YES;
				ENABLE_TESTABILITY = YES;
				GCC_C_LANGUAGE_STANDARD = gnu99;
				GCC_DYNAMIC_NO_PIC = NO;
				GCC_NO_COMMON_BLOCKS = YES;
				GCC_OPTIMIZATION_LEVEL = 0;
				GCC_PREPROCESSOR_DEFINITIONS = (
					"DEBUG=1",
					"$(inherited)",
				);
				GCC_WARN_64_TO_32_BIT_CONVERSION = YES;
				GCC_WARN_ABOUT_RETURN_TYPE = YES_ERROR;
				GCC_WARN_UNDECLARED_SELECTOR = YES;
				GCC_WARN_UNINITIALIZED_AUTOS = YES_AGGRESSIVE;
				GCC_WARN_UNUSED_FUNCTION = YES;
				GCC_WARN_UNUSED_VARIABLE = YES;
				IPHONEOS_DEPLOYMENT_TARGET = 9.1;
				MTL_ENABLE_DEBUG_INFO = YES;
				ONLY_ACTIVE_ARCH = YES;
				SDKROOT = iphoneos;
				SWIFT_OPTIMIZATION_LEVEL = "-Onone";
				TARGETED_DEVICE_FAMILY = "1,2";
			};
			name = Debug;
		};
		3A8B342D1C027CBA00B0CF67 /* Release */ = {
			isa = XCBuildConfiguration;
			buildSettings = {
				ALWAYS_SEARCH_USER_PATHS = NO;
				CLANG_CXX_LANGUAGE_STANDARD = "gnu++0x";
				CLANG_CXX_LIBRARY = "libc++";
				CLANG_ENABLE_MODULES = YES;
				CLANG_ENABLE_OBJC_ARC = YES;
				CLANG_WARN_BOOL_CONVERSION = YES;
				CLANG_WARN_CONSTANT_CONVERSION = YES;
				CLANG_WARN_DIRECT_OBJC_ISA_USAGE = YES_ERROR;
				CLANG_WARN_EMPTY_BODY = YES;
				CLANG_WARN_ENUM_CONVERSION = YES;
				CLANG_WARN_INT_CONVERSION = YES;
				CLANG_WARN_OBJC_ROOT_CLASS = YES_ERROR;
				CLANG_WARN_UNREACHABLE_CODE = YES;
				CLANG_WARN__DUPLICATE_METHOD_MATCH = YES;
				"CODE_SIGN_IDENTITY[sdk=iphoneos*]" = "iPhone Developer";
				COPY_PHASE_STRIP = NO;
				DEBUG_INFORMATION_FORMAT = "dwarf-with-dsym";
				ENABLE_NS_ASSERTIONS = NO;
				ENABLE_STRICT_OBJC_MSGSEND = YES;
				GCC_C_LANGUAGE_STANDARD = gnu99;
				GCC_NO_COMMON_BLOCKS = YES;
				GCC_WARN_64_TO_32_BIT_CONVERSION = YES;
				GCC_WARN_ABOUT_RETURN_TYPE = YES_ERROR;
				GCC_WARN_UNDECLARED_SELECTOR = YES;
				GCC_WARN_UNINITIALIZED_AUTOS = YES_AGGRESSIVE;
				GCC_WARN_UNUSED_FUNCTION = YES;
				GCC_WARN_UNUSED_VARIABLE = YES;
				IPHONEOS_DEPLOYMENT_TARGET = 9.1;
				MTL_ENABLE_DEBUG_INFO = NO;
				SDKROOT = iphoneos;
				TARGETED_DEVICE_FAMILY = "1,2";
				VALIDATE_PRODUCT = YES;
			};
			name = Release;
		};
		3A8B342F1C027CBA00B0CF67 /* Debug */ = {
			isa = XCBuildConfiguration;
			buildSettings = {
				ASSETCATALOG_COMPILER_APPICON_NAME = AppIcon;
				CODE_SIGN_ENTITLEMENTS = Affirmation/Affirmation.entitlements;
				CODE_SIGN_IDENTITY = "iPhone Developer";
				"CODE_SIGN_IDENTITY[sdk=iphoneos*]" = "iPhone Developer";
				INFOPLIST_FILE = Affirmation/Info.plist;
				LD_RUNPATH_SEARCH_PATHS = "$(inherited) @executable_path/Frameworks";
				PRODUCT_BUNDLE_IDENTIFIER = uk.co.drewwestcott.Affirmation;
				PRODUCT_NAME = "$(TARGET_NAME)";
				PROVISIONING_PROFILE = "";
			};
			name = Debug;
		};
		3A8B34301C027CBA00B0CF67 /* Release */ = {
			isa = XCBuildConfiguration;
			buildSettings = {
				ASSETCATALOG_COMPILER_APPICON_NAME = AppIcon;
				CODE_SIGN_ENTITLEMENTS = Affirmation/Affirmation.entitlements;
				CODE_SIGN_IDENTITY = "iPhone Developer";
				"CODE_SIGN_IDENTITY[sdk=iphoneos*]" = "iPhone Developer";
				INFOPLIST_FILE = Affirmation/Info.plist;
				LD_RUNPATH_SEARCH_PATHS = "$(inherited) @executable_path/Frameworks";
				PRODUCT_BUNDLE_IDENTIFIER = uk.co.drewwestcott.Affirmation;
				PRODUCT_NAME = "$(TARGET_NAME)";
				PROVISIONING_PROFILE = "";
			};
			name = Release;
		};
		3A8B34321C027CBA00B0CF67 /* Debug */ = {
			isa = XCBuildConfiguration;
			buildSettings = {
				BUNDLE_LOADER = "$(TEST_HOST)";
				INFOPLIST_FILE = AffirmationTests/Info.plist;
				LD_RUNPATH_SEARCH_PATHS = "$(inherited) @executable_path/Frameworks @loader_path/Frameworks";
				PRODUCT_BUNDLE_IDENTIFIER = uk.co.drewwestcott.AffirmationTests;
				PRODUCT_NAME = "$(TARGET_NAME)";
				TEST_HOST = "$(BUILT_PRODUCTS_DIR)/Affirmation.app/Affirmation";
			};
			name = Debug;
		};
		3A8B34331C027CBA00B0CF67 /* Release */ = {
			isa = XCBuildConfiguration;
			buildSettings = {
				BUNDLE_LOADER = "$(TEST_HOST)";
				INFOPLIST_FILE = AffirmationTests/Info.plist;
				LD_RUNPATH_SEARCH_PATHS = "$(inherited) @executable_path/Frameworks @loader_path/Frameworks";
				PRODUCT_BUNDLE_IDENTIFIER = uk.co.drewwestcott.AffirmationTests;
				PRODUCT_NAME = "$(TARGET_NAME)";
				TEST_HOST = "$(BUILT_PRODUCTS_DIR)/Affirmation.app/Affirmation";
			};
			name = Release;
		};
		3A8B34351C027CBA00B0CF67 /* Debug */ = {
			isa = XCBuildConfiguration;
			buildSettings = {
				INFOPLIST_FILE = AffirmationUITests/Info.plist;
				LD_RUNPATH_SEARCH_PATHS = "$(inherited) @executable_path/Frameworks @loader_path/Frameworks";
				PRODUCT_BUNDLE_IDENTIFIER = uk.co.drewwestcott.AffirmationUITests;
				PRODUCT_NAME = "$(TARGET_NAME)";
				TEST_TARGET_NAME = Affirmation;
				USES_XCTRUNNER = YES;
			};
			name = Debug;
		};
		3A8B34361C027CBA00B0CF67 /* Release */ = {
			isa = XCBuildConfiguration;
			buildSettings = {
				INFOPLIST_FILE = AffirmationUITests/Info.plist;
				LD_RUNPATH_SEARCH_PATHS = "$(inherited) @executable_path/Frameworks @loader_path/Frameworks";
				PRODUCT_BUNDLE_IDENTIFIER = uk.co.drewwestcott.AffirmationUITests;
				PRODUCT_NAME = "$(TARGET_NAME)";
				TEST_TARGET_NAME = Affirmation;
				USES_XCTRUNNER = YES;
			};
			name = Release;
		};
/* End XCBuildConfiguration section */

/* Begin XCConfigurationList section */
		3A8B34011C027CBA00B0CF67 /* Build configuration list for PBXProject "Affirmation" */ = {
			isa = XCConfigurationList;
			buildConfigurations = (
				3A8B342C1C027CBA00B0CF67 /* Debug */,
				3A8B342D1C027CBA00B0CF67 /* Release */,
			);
			defaultConfigurationIsVisible = 0;
			defaultConfigurationName = Release;
		};
		3A8B342E1C027CBA00B0CF67 /* Build configuration list for PBXNativeTarget "Affirmation" */ = {
			isa = XCConfigurationList;
			buildConfigurations = (
				3A8B342F1C027CBA00B0CF67 /* Debug */,
				3A8B34301C027CBA00B0CF67 /* Release */,
			);
			defaultConfigurationIsVisible = 0;
			defaultConfigurationName = Release;
		};
		3A8B34311C027CBA00B0CF67 /* Build configuration list for PBXNativeTarget "AffirmationTests" */ = {
			isa = XCConfigurationList;
			buildConfigurations = (
				3A8B34321C027CBA00B0CF67 /* Debug */,
				3A8B34331C027CBA00B0CF67 /* Release */,
			);
			defaultConfigurationIsVisible = 0;
			defaultConfigurationName = Release;
		};
		3A8B34341C027CBA00B0CF67 /* Build configuration list for PBXNativeTarget "AffirmationUITests" */ = {
			isa = XCConfigurationList;
			buildConfigurations = (
				3A8B34351C027CBA00B0CF67 /* Debug */,
				3A8B34361C027CBA00B0CF67 /* Release */,
			);
			defaultConfigurationIsVisible = 0;
			defaultConfigurationName = Release;
		};
/* End XCConfigurationList section */
	};
	rootObject = 3A8B33FE1C027CBA00B0CF67 /* Project object */;
}
